# This file is automatically @generated by Cargo.
# It is not intended for manual editing.
version = 3

[[package]]
name = "hippo_js_parser"
version = "0.1.0"
dependencies = [
 "hippo_unicode",
]

[[package]]
name = "hippo_unicode"
version = "0.1.0"

[[package]]
name = "hippo_wasm"
version = "0.1.0"
