{
  "name": "hippo_napi",
  "version": "0.0.1",
  "lockfileVersion": 3,
  "requires": true,
  "packages": {
    "": {
      "name": "hippo_napi",
      "version": "0.0.1",
      "license": "MIT",
      "devDependencies": {
        "@napi-rs/cli": "^2.17.0"
      },
      "engines": {
        "node": ">= 10"
      }
    },
    "node_modules/@napi-rs/cli": {
      "version": "2.18.3",
      "resolved": "https://registry.npmjs.org/@napi-rs/cli/-/cli-2.18.3.tgz",
      "integrity": "sha512-L0f4kP0dyG8W5Qtc7MtP73VvLLrOLyRcUEBzknIfu8Jk4Jfhrsx1ItMHgyalYqMSslWdY3ojEfAaU5sx1VyeQQ==",
      "dev": true,
      "bin": {
        "napi": "scripts/index.js"
      },
      "engines": {
        "node": ">= 10"
      },
      "funding": {
        "type": "github",
        "url": "https://github.com/sponsors/Brooooooklyn"
      }
    }
  }
}
